// !$*UTF8*$!
{
	archiveVersion = 1;
	classes = {
	};
	objectVersion = 56;
	objects = {

/* Begin PBXBuildFile section */
		9FB17BD0B91CB024780D5B50 /* Pods_RecipeMaker.framework in Frameworks */ = {isa = PBXBuildFile; fileRef = 887F055BE6CB513F4E5ABCE5 /* Pods_RecipeMaker.framework */; };
		A456AE782BB62640008448A5 /* AppDelegate.swift in Sources */ = {isa = PBXBuildFile; fileRef = A456AE772BB62640008448A5 /* AppDelegate.swift */; };
		A456AE7A2BB62640008448A5 /* SceneDelegate.swift in Sources */ = {isa = PBXBuildFile; fileRef = A456AE792BB62640008448A5 /* SceneDelegate.swift */; };
		A456AE7C2BB62640008448A5 /* RecipeListViewController.swift in Sources */ = {isa = PBXBuildFile; fileRef = A456AE7B2BB62640008448A5 /* RecipeListViewController.swift */; };
		A456AE822BB62640008448A5 /* RecipeMaker.xcdatamodeld in Sources */ = {isa = PBXBuildFile; fileRef = A456AE802BB62640008448A5 /* RecipeMaker.xcdatamodeld */; };
		A456AE842BB62642008448A5 /* Assets.xcassets in Resources */ = {isa = PBXBuildFile; fileRef = A456AE832BB62642008448A5 /* Assets.xcassets */; };
		A456AE872BB62642008448A5 /* LaunchScreen.storyboard in Resources */ = {isa = PBXBuildFile; fileRef = A456AE852BB62642008448A5 /* LaunchScreen.storyboard */; };
		A456AE8F2BB67339008448A5 /* recipetypes.xml in Resources */ = {isa = PBXBuildFile; fileRef = A456AE8E2BB67339008448A5 /* recipetypes.xml */; };
		A456AE972BB6766D008448A5 /* RecipeModel.swift in Sources */ = {isa = PBXBuildFile; fileRef = A456AE962BB6766D008448A5 /* RecipeModel.swift */; };
		A456AE992BB6774E008448A5 /* AddRecipeViewController.swift in Sources */ = {isa = PBXBuildFile; fileRef = A456AE982BB6774E008448A5 /* AddRecipeViewController.swift */; };
		A456AE9C2BB677A9008448A5 /* RecipeItem+CoreDataClass.swift in Sources */ = {isa = PBXBuildFile; fileRef = A456AE9A2BB677A9008448A5 /* RecipeItem+CoreDataClass.swift */; };
		A456AE9D2BB677A9008448A5 /* RecipeItem+CoreDataProperties.swift in Sources */ = {isa = PBXBuildFile; fileRef = A456AE9B2BB677A9008448A5 /* RecipeItem+CoreDataProperties.swift */; };
		A456AE9F2BB678A1008448A5 /* RecipeListCell.swift in Sources */ = {isa = PBXBuildFile; fileRef = A456AE9E2BB678A1008448A5 /* RecipeListCell.swift */; };
		A456AEA12BB67AAF008448A5 /* RecipeListViewModel.swift in Sources */ = {isa = PBXBuildFile; fileRef = A456AEA02BB67AAF008448A5 /* RecipeListViewModel.swift */; };
		A456AEA42BB67FD6008448A5 /* ViewExtensions.swift in Sources */ = {isa = PBXBuildFile; fileRef = A456AEA32BB67FD6008448A5 /* ViewExtensions.swift */; };
		A456AEA92BB69965008448A5 /* RecipeTypesManager.swift in Sources */ = {isa = PBXBuildFile; fileRef = A456AEA82BB69965008448A5 /* RecipeTypesManager.swift */; };
		A456AEAF2BB6AC42008448A5 /* RecipeDetailsViewController.swift in Sources */ = {isa = PBXBuildFile; fileRef = A456AEAE2BB6AC42008448A5 /* RecipeDetailsViewController.swift */; };
		A456AEB12BB6B834008448A5 /* RecipeTypePickerView.swift in Sources */ = {isa = PBXBuildFile; fileRef = A456AEB02BB6B834008448A5 /* RecipeTypePickerView.swift */; };
		A456AEDA2BB6CCA1008448A5 /* AddRecipeViewModel.swift in Sources */ = {isa = PBXBuildFile; fileRef = A456AED92BB6CCA1008448A5 /* AddRecipeViewModel.swift */; };
/* End PBXBuildFile section */

/* Begin PBXFileReference section */
		0659E4E3A009617B725F710B /* Pods-RecipeMaker.release.xcconfig */ = {isa = PBXFileReference; includeInIndex = 1; lastKnownFileType = text.xcconfig; name = "Pods-RecipeMaker.release.xcconfig"; path = "Target Support Files/Pods-RecipeMaker/Pods-RecipeMaker.release.xcconfig"; sourceTree = "<group>"; };
		887F055BE6CB513F4E5ABCE5 /* Pods_RecipeMaker.framework */ = {isa = PBXFileReference; explicitFileType = wrapper.framework; includeInIndex = 0; path = Pods_RecipeMaker.framework; sourceTree = BUILT_PRODUCTS_DIR; };
		A456AE742BB62640008448A5 /* RecipeMaker.app */ = {isa = PBXFileReference; explicitFileType = wrapper.application; includeInIndex = 0; path = RecipeMaker.app; sourceTree = BUILT_PRODUCTS_DIR; };
		A456AE772BB62640008448A5 /* AppDelegate.swift */ = {isa = PBXFileReference; lastKnownFileType = sourcecode.swift; path = AppDelegate.swift; sourceTree = "<group>"; };
		A456AE792BB62640008448A5 /* SceneDelegate.swift */ = {isa = PBXFileReference; lastKnownFileType = sourcecode.swift; path = SceneDelegate.swift; sourceTree = "<group>"; };
		A456AE7B2BB62640008448A5 /* RecipeListViewController.swift */ = {isa = PBXFileReference; lastKnownFileType = sourcecode.swift; path = RecipeListViewController.swift; sourceTree = "<group>"; };
		A456AE812BB62640008448A5 /* RecipeMaker.xcdatamodel */ = {isa = PBXFileReference; lastKnownFileType = wrapper.xcdatamodel; path = RecipeMaker.xcdatamodel; sourceTree = "<group>"; };
		A456AE832BB62642008448A5 /* Assets.xcassets */ = {isa = PBXFileReference; lastKnownFileType = folder.assetcatalog; path = Assets.xcassets; sourceTree = "<group>"; };
		A456AE862BB62642008448A5 /* Base */ = {isa = PBXFileReference; lastKnownFileType = file.storyboard; name = Base; path = Base.lproj/LaunchScreen.storyboard; sourceTree = "<group>"; };
		A456AE882BB62642008448A5 /* Info.plist */ = {isa = PBXFileReference; lastKnownFileType = text.plist.xml; path = Info.plist; sourceTree = "<group>"; };
		A456AE8E2BB67339008448A5 /* recipetypes.xml */ = {isa = PBXFileReference; lastKnownFileType = text.xml; path = recipetypes.xml; sourceTree = "<group>"; };
		A456AE962BB6766D008448A5 /* RecipeModel.swift */ = {isa = PBXFileReference; lastKnownFileType = sourcecode.swift; path = RecipeModel.swift; sourceTree = "<group>"; };
		A456AE982BB6774E008448A5 /* AddRecipeViewController.swift */ = {isa = PBXFileReference; lastKnownFileType = sourcecode.swift; path = AddRecipeViewController.swift; sourceTree = "<group>"; };
		A456AE9A2BB677A9008448A5 /* RecipeItem+CoreDataClass.swift */ = {isa = PBXFileReference; lastKnownFileType = sourcecode.swift; path = "RecipeItem+CoreDataClass.swift"; sourceTree = "<group>"; };
		A456AE9B2BB677A9008448A5 /* RecipeItem+CoreDataProperties.swift */ = {isa = PBXFileReference; lastKnownFileType = sourcecode.swift; path = "RecipeItem+CoreDataProperties.swift"; sourceTree = "<group>"; };
		A456AE9E2BB678A1008448A5 /* RecipeListCell.swift */ = {isa = PBXFileReference; lastKnownFileType = sourcecode.swift; path = RecipeListCell.swift; sourceTree = "<group>"; };
		A456AEA02BB67AAF008448A5 /* RecipeListViewModel.swift */ = {isa = PBXFileReference; lastKnownFileType = sourcecode.swift; path = RecipeListViewModel.swift; sourceTree = "<group>"; };
		A456AEA32BB67FD6008448A5 /* ViewExtensions.swift */ = {isa = PBXFileReference; lastKnownFileType = sourcecode.swift; path = ViewExtensions.swift; sourceTree = "<group>"; };
		A456AEA82BB69965008448A5 /* RecipeTypesManager.swift */ = {isa = PBXFileReference; lastKnownFileType = sourcecode.swift; path = RecipeTypesManager.swift; sourceTree = "<group>"; };
		A456AEAE2BB6AC42008448A5 /* RecipeDetailsViewController.swift */ = {isa = PBXFileReference; lastKnownFileType = sourcecode.swift; path = RecipeDetailsViewController.swift; sourceTree = "<group>"; };
		A456AEB02BB6B834008448A5 /* RecipeTypePickerView.swift */ = {isa = PBXFileReference; lastKnownFileType = sourcecode.swift; path = RecipeTypePickerView.swift; sourceTree = "<group>"; };
		A456AED92BB6CCA1008448A5 /* AddRecipeViewModel.swift */ = {isa = PBXFileReference; lastKnownFileType = sourcecode.swift; path = AddRecipeViewModel.swift; sourceTree = "<group>"; };
		EB1053C3BB33BFF5CAB2CAB0 /* Pods-RecipeMaker.debug.xcconfig */ = {isa = PBXFileReference; includeInIndex = 1; lastKnownFileType = text.xcconfig; name = "Pods-RecipeMaker.debug.xcconfig"; path = "Target Support Files/Pods-RecipeMaker/Pods-RecipeMaker.debug.xcconfig"; sourceTree = "<group>"; };
/* End PBXFileReference section */

/* Begin PBXFrameworksBuildPhase section */
		A456AE712BB62640008448A5 /* Frameworks */ = {
			isa = PBXFrameworksBuildPhase;
			buildActionMask = 2147483647;
			files = (
				9FB17BD0B91CB024780D5B50 /* Pods_RecipeMaker.framework in Frameworks */,
			);
			runOnlyForDeploymentPostprocessing = 0;
		};
/* End PBXFrameworksBuildPhase section */

/* Begin PBXGroup section */
		0DA8312B013DA7942E9DA446 /* Pods */ = {
			isa = PBXGroup;
			children = (
				EB1053C3BB33BFF5CAB2CAB0 /* Pods-RecipeMaker.debug.xcconfig */,
				0659E4E3A009617B725F710B /* Pods-RecipeMaker.release.xcconfig */,
			);
			path = Pods;
			sourceTree = "<group>";
		};
		A456AE6B2BB62640008448A5 = {
			isa = PBXGroup;
			children = (
				A456AE762BB62640008448A5 /* RecipeMaker */,
				A456AE752BB62640008448A5 /* Products */,
				0DA8312B013DA7942E9DA446 /* Pods */,
				C734B63B2D1BF2944A9FAC45 /* Frameworks */,
			);
			sourceTree = "<group>";
		};
		A456AE752BB62640008448A5 /* Products */ = {
			isa = PBXGroup;
			children = (
				A456AE742BB62640008448A5 /* RecipeMaker.app */,
			);
			name = Products;
			sourceTree = "<group>";
		};
		A456AE762BB62640008448A5 /* RecipeMaker */ = {
			isa = PBXGroup;
			children = (
				A456AEA52BB67FED008448A5 /* Utils */,
				A456AE902BB6760B008448A5 /* Model */,
				A456AE912BB67616008448A5 /* View */,
				A456AE922BB6761D008448A5 /* ViewModel */,
				A456AE772BB62640008448A5 /* AppDelegate.swift */,
				A456AE792BB62640008448A5 /* SceneDelegate.swift */,
				A456AE832BB62642008448A5 /* Assets.xcassets */,
				A456AE852BB62642008448A5 /* LaunchScreen.storyboard */,
				A456AE882BB62642008448A5 /* Info.plist */,
				A456AEA82BB69965008448A5 /* RecipeTypesManager.swift */,
			);
			path = RecipeMaker;
			sourceTree = "<group>";
		};
		A456AE902BB6760B008448A5 /* Model */ = {
			isa = PBXGroup;
			children = (
				A456AE932BB67648008448A5 /* Data */,
				A456AE962BB6766D008448A5 /* RecipeModel.swift */,
			);
			path = Model;
			sourceTree = "<group>";
		};
		A456AE912BB67616008448A5 /* View */ = {
			isa = PBXGroup;
			children = (
				A456AE7B2BB62640008448A5 /* RecipeListViewController.swift */,
				A456AE982BB6774E008448A5 /* AddRecipeViewController.swift */,
				A456AE9E2BB678A1008448A5 /* RecipeListCell.swift */,
				A456AEAE2BB6AC42008448A5 /* RecipeDetailsViewController.swift */,
				A456AEB02BB6B834008448A5 /* RecipeTypePickerView.swift */,
			);
			path = View;
			sourceTree = "<group>";
		};
		A456AE922BB6761D008448A5 /* ViewModel */ = {
			isa = PBXGroup;
			children = (
				A456AEA02BB67AAF008448A5 /* RecipeListViewModel.swift */,
				A456AED92BB6CCA1008448A5 /* AddRecipeViewModel.swift */,
			);
			path = ViewModel;
			sourceTree = "<group>";
		};
		A456AE932BB67648008448A5 /* Data */ = {
			isa = PBXGroup;
			children = (
				A456AE8E2BB67339008448A5 /* recipetypes.xml */,
				A456AE802BB62640008448A5 /* RecipeMaker.xcdatamodeld */,
				A456AE9A2BB677A9008448A5 /* RecipeItem+CoreDataClass.swift */,
				A456AE9B2BB677A9008448A5 /* RecipeItem+CoreDataProperties.swift */,
			);
			path = Data;
			sourceTree = "<group>";
		};
		A456AEA22BB67FB9008448A5 /* Extensions */ = {
			isa = PBXGroup;
			children = (
				A456AEA32BB67FD6008448A5 /* ViewExtensions.swift */,
			);
			path = Extensions;
			sourceTree = "<group>";
		};
		A456AEA52BB67FED008448A5 /* Utils */ = {
			isa = PBXGroup;
			children = (
				A456AEA22BB67FB9008448A5 /* Extensions */,
			);
			path = Utils;
			sourceTree = "<group>";
		};
		C734B63B2D1BF2944A9FAC45 /* Frameworks */ = {
			isa = PBXGroup;
			children = (
				887F055BE6CB513F4E5ABCE5 /* Pods_RecipeMaker.framework */,
			);
			name = Frameworks;
			sourceTree = "<group>";
		};
/* End PBXGroup section */

/* Begin PBXNativeTarget section */
		A456AE732BB62640008448A5 /* RecipeMaker */ = {
			isa = PBXNativeTarget;
			buildConfigurationList = A456AE8B2BB62642008448A5 /* Build configuration list for PBXNativeTarget "RecipeMaker" */;
			buildPhases = (
				A42F4CB7AC5064AB4C73D694 /* [CP] Check Pods Manifest.lock */,
				A456AE702BB62640008448A5 /* Sources */,
				A456AE712BB62640008448A5 /* Frameworks */,
				A456AE722BB62640008448A5 /* Resources */,
				428A3B149086383B88A76112 /* [CP] Embed Pods Frameworks */,
			);
			buildRules = (
			);
			dependencies = (
			);
			name = RecipeMaker;
			productName = RecipeMaker;
			productReference = A456AE742BB62640008448A5 /* RecipeMaker.app */;
			productType = "com.apple.product-type.application";
		};
/* End PBXNativeTarget section */

/* Begin PBXProject section */
		A456AE6C2BB62640008448A5 /* Project object */ = {
			isa = PBXProject;
			attributes = {
				BuildIndependentTargetsInParallel = 1;
				LastSwiftUpdateCheck = 1510;
				LastUpgradeCheck = 1510;
				TargetAttributes = {
					A456AE732BB62640008448A5 = {
						CreatedOnToolsVersion = 15.1;
					};
				};
			};
			buildConfigurationList = A456AE6F2BB62640008448A5 /* Build configuration list for PBXProject "RecipeMaker" */;
			compatibilityVersion = "Xcode 14.0";
			developmentRegion = en;
			hasScannedForEncodings = 0;
			knownRegions = (
				en,
				Base,
			);
			mainGroup = A456AE6B2BB62640008448A5;
			productRefGroup = A456AE752BB62640008448A5 /* Products */;
			projectDirPath = "";
			projectRoot = "";
			targets = (
				A456AE732BB62640008448A5 /* RecipeMaker */,
			);
		};
/* End PBXProject section */

/* Begin PBXResourcesBuildPhase section */
		A456AE722BB62640008448A5 /* Resources */ = {
			isa = PBXResourcesBuildPhase;
			buildActionMask = 2147483647;
			files = (
				A456AE872BB62642008448A5 /* LaunchScreen.storyboard in Resources */,
				A456AE8F2BB67339008448A5 /* recipetypes.xml in Resources */,
				A456AE842BB62642008448A5 /* Assets.xcassets in Resources */,
			);
			runOnlyForDeploymentPostprocessing = 0;
		};
/* End PBXResourcesBuildPhase section */

/* Begin PBXShellScriptBuildPhase section */
		428A3B149086383B88A76112 /* [CP] Embed Pods Frameworks */ = {
			isa = PBXShellScriptBuildPhase;
			buildActionMask = 2147483647;
			files = (
			);
			inputFileListPaths = (
				"${PODS_ROOT}/Target Support Files/Pods-RecipeMaker/Pods-RecipeMaker-frameworks-${CONFIGURATION}-input-files.xcfilelist",
			);
			name = "[CP] Embed Pods Frameworks";
			outputFileListPaths = (
				"${PODS_ROOT}/Target Support Files/Pods-RecipeMaker/Pods-RecipeMaker-frameworks-${CONFIGURATION}-output-files.xcfilelist",
			);
			runOnlyForDeploymentPostprocessing = 0;
			shellPath = /bin/sh;
			shellScript = "\"${PODS_ROOT}/Target Support Files/Pods-RecipeMaker/Pods-RecipeMaker-frameworks.sh\"\n";
			showEnvVarsInLog = 0;
		};
		A42F4CB7AC5064AB4C73D694 /* [CP] Check Pods Manifest.lock */ = {
			isa = PBXShellScriptBuildPhase;
			buildActionMask = 2147483647;
			files = (
			);
			inputFileListPaths = (
			);
			inputPaths = (
				"${PODS_PODFILE_DIR_PATH}/Podfile.lock",
				"${PODS_ROOT}/Manifest.lock",
			);
			name = "[CP] Check Pods Manifest.lock";
			outputFileListPaths = (
			);
			outputPaths = (
				"$(DERIVED_FILE_DIR)/Pods-RecipeMaker-checkManifestLockResult.txt",
			);
			runOnlyForDeploymentPostprocessing = 0;
			shellPath = /bin/sh;
			shellScript = "diff \"${PODS_PODFILE_DIR_PATH}/Podfile.lock\" \"${PODS_ROOT}/Manifest.lock\" > /dev/null\nif [ $? != 0 ] ; then\n    # print error to STDERR\n    echo \"error: The sandbox is not in sync with the Podfile.lock. Run 'pod install' or update your CocoaPods installation.\" >&2\n    exit 1\nfi\n# This output is used by Xcode 'outputs' to avoid re-running this script phase.\necho \"SUCCESS\" > \"${SCRIPT_OUTPUT_FILE_0}\"\n";
			showEnvVarsInLog = 0;
		};
/* End PBXShellScriptBuildPhase section */

/* Begin PBXSourcesBuildPhase section */
		A456AE702BB62640008448A5 /* Sources */ = {
			isa = PBXSourcesBuildPhase;
			buildActionMask = 2147483647;
			files = (
				A456AEA42BB67FD6008448A5 /* ViewExtensions.swift in Sources */,
				A456AE9D2BB677A9008448A5 /* RecipeItem+CoreDataProperties.swift in Sources */,
				A456AE992BB6774E008448A5 /* AddRecipeViewController.swift in Sources */,
				A456AEA92BB69965008448A5 /* RecipeTypesManager.swift in Sources */,
				A456AE822BB62640008448A5 /* RecipeMaker.xcdatamodeld in Sources */,
				A456AE7C2BB62640008448A5 /* RecipeListViewController.swift in Sources */,
				A456AE9C2BB677A9008448A5 /* RecipeItem+CoreDataClass.swift in Sources */,
				A456AE972BB6766D008448A5 /* RecipeModel.swift in Sources */,
				A456AE782BB62640008448A5 /* AppDelegate.swift in Sources */,
				A456AE7A2BB62640008448A5 /* SceneDelegate.swift in Sources */,
				A456AEA12BB67AAF008448A5 /* RecipeListViewModel.swift in Sources */,
				A456AEAF2BB6AC42008448A5 /* RecipeDetailsViewController.swift in Sources */,
				A456AEB12BB6B834008448A5 /* RecipeTypePickerView.swift in Sources */,
				A456AE9F2BB678A1008448A5 /* RecipeListCell.swift in Sources */,
				A456AEDA2BB6CCA1008448A5 /* AddRecipeViewModel.swift in Sources */,
			);
			runOnlyForDeploymentPostprocessing = 0;
		};
/* End PBXSourcesBuildPhase section */

/* Begin PBXVariantGroup section */
		A456AE852BB62642008448A5 /* LaunchScreen.storyboard */ = {
			isa = PBXVariantGroup;
			children = (
				A456AE862BB62642008448A5 /* Base */,
			);
			name = LaunchScreen.storyboard;
			sourceTree = "<group>";
		};
/* End PBXVariantGroup section */

/* Begin XCBuildConfiguration section */
		A456AE892BB62642008448A5 /* Debug */ = {
			isa = XCBuildConfiguration;
			buildSettings = {
				ALWAYS_SEARCH_USER_PATHS = NO;
				ASSETCATALOG_COMPILER_GENERATE_SWIFT_ASSET_SYMBOL_EXTENSIONS = YES;
				CLANG_ANALYZER_NONNULL = YES;
				CLANG_ANALYZER_NUMBER_OBJECT_CONVERSION = YES_AGGRESSIVE;
				CLANG_CXX_LANGUAGE_STANDARD = "gnu++20";
				CLANG_ENABLE_MODULES = YES;
				CLANG_ENABLE_OBJC_ARC = YES;
				CLANG_ENABLE_OBJC_WEAK = YES;
				CLANG_WARN_BLOCK_CAPTURE_AUTORELEASING = YES;
				CLANG_WARN_BOOL_CONVERSION = YES;
				CLANG_WARN_COMMA = YES;
				CLANG_WARN_CONSTANT_CONVERSION = YES;
				CLANG_WARN_DEPRECATED_OBJC_IMPLEMENTATIONS = YES;
				CLANG_WARN_DIRECT_OBJC_ISA_USAGE = YES_ERROR;
				CLANG_WARN_DOCUMENTATION_COMMENTS = YES;
				CLANG_WARN_EMPTY_BODY = YES;
				CLANG_WARN_ENUM_CONVERSION = YES;
				CLANG_WARN_INFINITE_RECURSION = YES;
				CLANG_WARN_INT_CONVERSION = YES;
				CLANG_WARN_NON_LITERAL_NULL_CONVERSION = YES;
				CLANG_WARN_OBJC_IMPLICIT_RETAIN_SELF = YES;
				CLANG_WARN_OBJC_LITERAL_CONVERSION = YES;
				CLANG_WARN_OBJC_ROOT_CLASS = YES_ERROR;
				CLANG_WARN_QUOTED_INCLUDE_IN_FRAMEWORK_HEADER = YES;
				CLANG_WARN_RANGE_LOOP_ANALYSIS = YES;
				CLANG_WARN_STRICT_PROTOTYPES = YES;
				CLANG_WARN_SUSPICIOUS_MOVE = YES;
				CLANG_WARN_UNGUARDED_AVAILABILITY = YES_AGGRESSIVE;
				CLANG_WARN_UNREACHABLE_CODE = YES;
				CLANG_WARN__DUPLICATE_METHOD_MATCH = YES;
				COPY_PHASE_STRIP = NO;
				DEBUG_INFORMATION_FORMAT = dwarf;
				ENABLE_STRICT_OBJC_MSGSEND = YES;
				ENABLE_TESTABILITY = YES;
				ENABLE_USER_SCRIPT_SANDBOXING = YES;
				GCC_C_LANGUAGE_STANDARD = gnu17;
				GCC_DYNAMIC_NO_PIC = NO;
				GCC_NO_COMMON_BLOCKS = YES;
				GCC_OPTIMIZATION_LEVEL = 0;
				GCC_PREPROCESSOR_DEFINITIONS = (
					"DEBUG=1",
					"$(inherited)",
				);
				GCC_WARN_64_TO_32_BIT_CONVERSION = YES;
				GCC_WARN_ABOUT_RETURN_TYPE = YES_ERROR;
				GCC_WARN_UNDECLARED_SELECTOR = YES;
				GCC_WARN_UNINITIALIZED_AUTOS = YES_AGGRESSIVE;
				GCC_WARN_UNUSED_FUNCTION = YES;
				GCC_WARN_UNUSED_VARIABLE = YES;
				IPHONEOS_DEPLOYMENT_TARGET = 17.2;
				LOCALIZATION_PREFERS_STRING_CATALOGS = YES;
				MTL_ENABLE_DEBUG_INFO = INCLUDE_SOURCE;
				MTL_FAST_MATH = YES;
				ONLY_ACTIVE_ARCH = YES;
				SDKROOT = iphoneos;
				SWIFT_ACTIVE_COMPILATION_CONDITIONS = "DEBUG $(inherited)";
				SWIFT_OPTIMIZATION_LEVEL = "-Onone";
			};
			name = Debug;
		};
		A456AE8A2BB62642008448A5 /* Release */ = {
			isa = XCBuildConfiguration;
			buildSettings = {
				ALWAYS_SEARCH_USER_PATHS = NO;
				ASSETCATALOG_COMPILER_GENERATE_SWIFT_ASSET_SYMBOL_EXTENSIONS = YES;
				CLANG_ANALYZER_NONNULL = YES;
				CLANG_ANALYZER_NUMBER_OBJECT_CONVERSION = YES_AGGRESSIVE;
				CLANG_CXX_LANGUAGE_STANDARD = "gnu++20";
				CLANG_ENABLE_MODULES = YES;
				CLANG_ENABLE_OBJC_ARC = YES;
				CLANG_ENABLE_OBJC_WEAK = YES;
				CLANG_WARN_BLOCK_CAPTURE_AUTORELEASING = YES;
				CLANG_WARN_BOOL_CONVERSION = YES;
				CLANG_WARN_COMMA = YES;
				CLANG_WARN_CONSTANT_CONVERSION = YES;
				CLANG_WARN_DEPRECATED_OBJC_IMPLEMENTATIONS = YES;
				CLANG_WARN_DIRECT_OBJC_ISA_USAGE = YES_ERROR;
				CLANG_WARN_DOCUMENTATION_COMMENTS = YES;
				CLANG_WARN_EMPTY_BODY = YES;
				CLANG_WARN_ENUM_CONVERSION = YES;
				CLANG_WARN_INFINITE_RECURSION = YES;
				CLANG_WARN_INT_CONVERSION = YES;
				CLANG_WARN_NON_LITERAL_NULL_CONVERSION = YES;
				CLANG_WARN_OBJC_IMPLICIT_RETAIN_SELF = YES;
				CLANG_WARN_OBJC_LITERAL_CONVERSION = YES;
				CLANG_WARN_OBJC_ROOT_CLASS = YES_ERROR;
				CLANG_WARN_QUOTED_INCLUDE_IN_FRAMEWORK_HEADER = YES;
				CLANG_WARN_RANGE_LOOP_ANALYSIS = YES;
				CLANG_WARN_STRICT_PROTOTYPES = YES;
				CLANG_WARN_SUSPICIOUS_MOVE = YES;
				CLANG_WARN_UNGUARDED_AVAILABILITY = YES_AGGRESSIVE;
				CLANG_WARN_UNREACHABLE_CODE = YES;
				CLANG_WARN__DUPLICATE_METHOD_MATCH = YES;
				COPY_PHASE_STRIP = NO;
				DEBUG_INFORMATION_FORMAT = "dwarf-with-dsym";
				ENABLE_NS_ASSERTIONS = NO;
				ENABLE_STRICT_OBJC_MSGSEND = YES;
				ENABLE_USER_SCRIPT_SANDBOXING = YES;
				GCC_C_LANGUAGE_STANDARD = gnu17;
				GCC_NO_COMMON_BLOCKS = YES;
				GCC_WARN_64_TO_32_BIT_CONVERSION = YES;
				GCC_WARN_ABOUT_RETURN_TYPE = YES_ERROR;
				GCC_WARN_UNDECLARED_SELECTOR = YES;
				GCC_WARN_UNINITIALIZED_AUTOS = YES_AGGRESSIVE;
				GCC_WARN_UNUSED_FUNCTION = YES;
				GCC_WARN_UNUSED_VARIABLE = YES;
				IPHONEOS_DEPLOYMENT_TARGET = 17.2;
				LOCALIZATION_PREFERS_STRING_CATALOGS = YES;
				MTL_ENABLE_DEBUG_INFO = NO;
				MTL_FAST_MATH = YES;
				SDKROOT = iphoneos;
				SWIFT_COMPILATION_MODE = wholemodule;
				VALIDATE_PRODUCT = YES;
			};
			name = Release;
		};
		A456AE8C2BB62642008448A5 /* Debug */ = {
			isa = XCBuildConfiguration;
			baseConfigurationReference = EB1053C3BB33BFF5CAB2CAB0 /* Pods-RecipeMaker.debug.xcconfig */;
			buildSettings = {
				ASSETCATALOG_COMPILER_APPICON_NAME = AppIcon;
				ASSETCATALOG_COMPILER_GLOBAL_ACCENT_COLOR_NAME = AccentColor;
				CODE_SIGN_STYLE = Automatic;
				CURRENT_PROJECT_VERSION = 1;
				DEVELOPMENT_TEAM = J62LRRM8N4;
				ENABLE_USER_SCRIPT_SANDBOXING = NO;
				GENERATE_INFOPLIST_FILE = YES;
				INFOPLIST_FILE = RecipeMaker/Info.plist;
				INFOPLIST_KEY_UIApplicationSupportsIndirectInputEvents = YES;
				INFOPLIST_KEY_UILaunchStoryboardName = LaunchScreen;
				INFOPLIST_KEY_UISupportedInterfaceOrientations_iPad = "UIInterfaceOrientationPortrait UIInterfaceOrientationPortraitUpsideDown UIInterfaceOrientationLandscapeLeft UIInterfaceOrientationLandscapeRight";
				INFOPLIST_KEY_UISupportedInterfaceOrientations_iPhone = "UIInterfaceOrientationPortrait UIInterfaceOrientationLandscapeLeft UIInterfaceOrientationLandscapeRight";
				LD_RUNPATH_SEARCH_PATHS = (
					"$(inherited)",
					"@executable_path/Frameworks",
				);
				MARKETING_VERSION = 1.0;
				PRODUCT_BUNDLE_IDENTIFIER = rr.personal.RecipeMaker;
				PRODUCT_NAME = "$(TARGET_NAME)";
				SWIFT_EMIT_LOC_STRINGS = YES;
				SWIFT_VERSION = 5.0;
				TARGETED_DEVICE_FAMILY = "1,2";
			};
			name = Debug;
		};
		A456AE8D2BB62642008448A5 /* Release */ = {
			isa = XCBuildConfiguration;
			baseConfigurationReference = 0659E4E3A009617B725F710B /* Pods-RecipeMaker.release.xcconfig */;
			buildSettings = {
				ASSETCATALOG_COMPILER_APPICON_NAME = AppIcon;
				ASSETCATALOG_COMPILER_GLOBAL_ACCENT_COLOR_NAME = AccentColor;
				CODE_SIGN_STYLE = Automatic;
				CURRENT_PROJECT_VERSION = 1;
				DEVELOPMENT_TEAM = J62LRRM8N4;
				ENABLE_USER_SCRIPT_SANDBOXING = NO;
				GENERATE_INFOPLIST_FILE = YES;
				INFOPLIST_FILE = RecipeMaker/Info.plist;
				INFOPLIST_KEY_UIApplicationSupportsIndirectInputEvents = YES;
				INFOPLIST_KEY_UILaunchStoryboardName = LaunchScreen;
				INFOPLIST_KEY_UISupportedInterfaceOrientations_iPad = "UIInterfaceOrientationPortrait UIInterfaceOrientationPortraitUpsideDown UIInterfaceOrientationLandscapeLeft UIInterfaceOrientationLandscapeRight";
				INFOPLIST_KEY_UISupportedInterfaceOrientations_iPhone = "UIInterfaceOrientationPortrait UIInterfaceOrientationLandscapeLeft UIInterfaceOrientationLandscapeRight";
				LD_RUNPATH_SEARCH_PATHS = (
					"$(inherited)",
					"@executable_path/Frameworks",
				);
				MARKETING_VERSION = 1.0;
				PRODUCT_BUNDLE_IDENTIFIER = rr.personal.RecipeMaker;
				PRODUCT_NAME = "$(TARGET_NAME)";
				SWIFT_EMIT_LOC_STRINGS = YES;
				SWIFT_VERSION = 5.0;
				TARGETED_DEVICE_FAMILY = "1,2";
			};
			name = Release;
		};
/* End XCBuildConfiguration section */

/* Begin XCConfigurationList section */
		A456AE6F2BB62640008448A5 /* Build configuration list for PBXProject "RecipeMaker" */ = {
			isa = XCConfigurationList;
			buildConfigurations = (
				A456AE892BB62642008448A5 /* Debug */,
				A456AE8A2BB62642008448A5 /* Release */,
			);
			defaultConfigurationIsVisible = 0;
			defaultConfigurationName = Release;
		};
		A456AE8B2BB62642008448A5 /* Build configuration list for PBXNativeTarget "RecipeMaker" */ = {
			isa = XCConfigurationList;
			buildConfigurations = (
				A456AE8C2BB62642008448A5 /* Debug */,
				A456AE8D2BB62642008448A5 /* Release */,
			);
			defaultConfigurationIsVisible = 0;
			defaultConfigurationName = Release;
		};
/* End XCConfigurationList section */

/* Begin XCVersionGroup section */
		A456AE802BB62640008448A5 /* RecipeMaker.xcdatamodeld */ = {
			isa = XCVersionGroup;
			children = (
				A456AE812BB62640008448A5 /* RecipeMaker.xcdatamodel */,
			);
			currentVersion = A456AE812BB62640008448A5 /* RecipeMaker.xcdatamodel */;
			path = RecipeMaker.xcdatamodeld;
			sourceTree = "<group>";
			versionGroupType = wrapper.xcdatamodel;
		};
/* End XCVersionGroup section */
	};
	rootObject = A456AE6C2BB62640008448A5 /* Project object */;
}
